
Microsoft Visual Studio Solution File, Format Version 12.00
# Visual Studio Version 17
VisualStudioVersion = 17.13.35913.81 d17.13
MinimumVisualStudioVersion = 10.0.40219.1
Project("{8BC9CEB8-8B4A-11D0-8D11-00A0C91BC942}") = "XmlAdapter", "XmlAdapter.vcxproj", "{576E5EDC-C835-4F2D-921C-B7F0CB89C23A}"
EndProject
Global
	GlobalSection(SolutionConfigurationPlatforms) = preSolution
		Debug|x64 = Debug|x64
		Debug|x86 = Debug|x86
		Release|x64 = Release|x64
		Release|x86 = Release|x86
	EndGlobalSection
	GlobalSection(ProjectConfigurationPlatforms) = postSolution
		{576E5EDC-C835-4F2D-921C-B7F0CB89C23A}.Debug|x64.ActiveCfg = Debug|x64
		{576E5EDC-C835-4F2D-921C-B7F0CB89C23A}.Debug|x64.Build.0 = Debug|x64
		{576E5EDC-C835-4F2D-921C-B7F0CB89C23A}.Debug|x86.ActiveCfg = Debug|Win32
		{576E5EDC-C835-4F2D-921C-B7F0CB89C23A}.Debug|x86.Build.0 = Debug|Win32
		{576E5EDC-C835-4F2D-921C-B7F0CB89C23A}.Release|x64.ActiveCfg = Release|x64
		{576E5EDC-C835-4F2D-921C-B7F0CB89C23A}.Release|x64.Build.0 = Release|x64
		{576E5EDC-C835-4F2D-921C-B7F0CB89C23A}.Release|x86.ActiveCfg = Release|Win32
		{576E5EDC-C835-4F2D-921C-B7F0CB89C23A}.Release|x86.Build.0 = Release|Win32
	EndGlobalSection
	GlobalSection(SolutionProperties) = preSolution
		HideSolutionNode = FALSE
	EndGlobalSection
	GlobalSection(ExtensibilityGlobals) = postSolution
		SolutionGuid = {8ADE22EB-F9EB-4550-85E7-7429C8BCD08C}
	EndGlobalSection
EndGlobal
